// !$*UTF8*$!
{
	archiveVersion = 1;
	classes = {
	};
	objectVersion = 46;
	objects = {

/* Begin PBXBuildFile section */
		0EA89BF11E717BDF00D695D6 /* AppDelegate.swift in Sources */ = {isa = PBXBuildFile; fileRef = 0EA89BF01E717BDF00D695D6 /* AppDelegate.swift */; };
		0EA89BF61E717BDF00D695D6 /* Main.storyboard in Resources */ = {isa = PBXBuildFile; fileRef = 0EA89BF41E717BDF00D695D6 /* Main.storyboard */; };
		0EA89BF81E717BDF00D695D6 /* Assets.xcassets in Resources */ = {isa = PBXBuildFile; fileRef = 0EA89BF71E717BDF00D695D6 /* Assets.xcassets */; };
		0EA89BFB1E717BDF00D695D6 /* LaunchScreen.storyboard in Resources */ = {isa = PBXBuildFile; fileRef = 0EA89BF91E717BDF00D695D6 /* LaunchScreen.storyboard */; };
		0EA89C031E717DF200D695D6 /* StartViewController.swift in Sources */ = {isa = PBXBuildFile; fileRef = 0EA89C021E717DF200D695D6 /* StartViewController.swift */; };
		0EA89C051E717E2100D695D6 /* CardCollectionViewController.swift in Sources */ = {isa = PBXBuildFile; fileRef = 0EA89C041E717E2100D695D6 /* CardCollectionViewController.swift */; };
		0EF8F4201E7194AF00959967 /* Card.swift in Sources */ = {isa = PBXBuildFile; fileRef = 0EF8F41F1E7194AF00959967 /* Card.swift */; };
		0EF8F4221E71961700959967 /* CardSet.swift in Sources */ = {isa = PBXBuildFile; fileRef = 0EF8F4211E71961700959967 /* CardSet.swift */; };
		0EF8F4261E71995900959967 /* CardType.swift in Sources */ = {isa = PBXBuildFile; fileRef = 0EF8F4251E71995900959967 /* CardType.swift */; };
		0EF8F4291E7199C800959967 /* CardRarity.swift in Sources */ = {isa = PBXBuildFile; fileRef = 0EF8F4281E7199C800959967 /* CardRarity.swift */; };
		0EF8F42B1E719A4600959967 /* PlayerClass.swift in Sources */ = {isa = PBXBuildFile; fileRef = 0EF8F42A1E719A4600959967 /* PlayerClass.swift */; };
		0EF8F42D1E71A67C00959967 /* CardCollectionViewCell.swift in Sources */ = {isa = PBXBuildFile; fileRef = 0EF8F42C1E71A67C00959967 /* CardCollectionViewCell.swift */; };
		0EF8F4341E76E90A00959967 /* DeckClassPickerViewController.swift in Sources */ = {isa = PBXBuildFile; fileRef = 0EF8F4331E76E90A00959967 /* DeckClassPickerViewController.swift */; };
		0EF8F4361E76EAB000959967 /* HearhApiHelper.swift in Sources */ = {isa = PBXBuildFile; fileRef = 0EF8F4351E76EAB000959967 /* HearhApiHelper.swift */; };
		0EF8F4381E76EC5800959967 /* DeckBuilderViewController.swift in Sources */ = {isa = PBXBuildFile; fileRef = 0EF8F4371E76EC5800959967 /* DeckBuilderViewController.swift */; };
		394AAFC25387C4338C12004B /* Pods_HearthApp.framework in Frameworks */ = {isa = PBXBuildFile; fileRef = 770112F0D010C75048FD106E /* Pods_HearthApp.framework */; };
/* End PBXBuildFile section */

/* Begin PBXFileReference section */
		0EA89BED1E717BDF00D695D6 /* HearthApp.app */ = {isa = PBXFileReference; explicitFileType = wrapper.application; includeInIndex = 0; path = HearthApp.app; sourceTree = BUILT_PRODUCTS_DIR; };
		0EA89BF01E717BDF00D695D6 /* AppDelegate.swift */ = {isa = PBXFileReference; lastKnownFileType = sourcecode.swift; path = AppDelegate.swift; sourceTree = "<group>"; };
		0EA89BF51E717BDF00D695D6 /* Base */ = {isa = PBXFileReference; lastKnownFileType = file.storyboard; name = Base; path = Base.lproj/Main.storyboard; sourceTree = "<group>"; };
		0EA89BF71E717BDF00D695D6 /* Assets.xcassets */ = {isa = PBXFileReference; lastKnownFileType = folder.assetcatalog; path = Assets.xcassets; sourceTree = "<group>"; };
		0EA89BFA1E717BDF00D695D6 /* Base */ = {isa = PBXFileReference; lastKnownFileType = file.storyboard; name = Base; path = Base.lproj/LaunchScreen.storyboard; sourceTree = "<group>"; };
		0EA89BFC1E717BDF00D695D6 /* Info.plist */ = {isa = PBXFileReference; lastKnownFileType = text.plist.xml; path = Info.plist; sourceTree = "<group>"; };
		0EA89C021E717DF200D695D6 /* StartViewController.swift */ = {isa = PBXFileReference; fileEncoding = 4; lastKnownFileType = sourcecode.swift; path = StartViewController.swift; sourceTree = "<group>"; };
		0EA89C041E717E2100D695D6 /* CardCollectionViewController.swift */ = {isa = PBXFileReference; fileEncoding = 4; lastKnownFileType = sourcecode.swift; path = CardCollectionViewController.swift; sourceTree = "<group>"; };
		0EF8F41F1E7194AF00959967 /* Card.swift */ = {isa = PBXFileReference; fileEncoding = 4; lastKnownFileType = sourcecode.swift; path = Card.swift; sourceTree = "<group>"; };
		0EF8F4211E71961700959967 /* CardSet.swift */ = {isa = PBXFileReference; fileEncoding = 4; lastKnownFileType = sourcecode.swift; path = CardSet.swift; sourceTree = "<group>"; };
		0EF8F4251E71995900959967 /* CardType.swift */ = {isa = PBXFileReference; fileEncoding = 4; lastKnownFileType = sourcecode.swift; path = CardType.swift; sourceTree = "<group>"; };
		0EF8F4281E7199C800959967 /* CardRarity.swift */ = {isa = PBXFileReference; fileEncoding = 4; lastKnownFileType = sourcecode.swift; path = CardRarity.swift; sourceTree = "<group>"; };
		0EF8F42A1E719A4600959967 /* PlayerClass.swift */ = {isa = PBXFileReference; fileEncoding = 4; lastKnownFileType = sourcecode.swift; path = PlayerClass.swift; sourceTree = "<group>"; };
		0EF8F42C1E71A67C00959967 /* CardCollectionViewCell.swift */ = {isa = PBXFileReference; fileEncoding = 4; lastKnownFileType = sourcecode.swift; path = CardCollectionViewCell.swift; sourceTree = "<group>"; };
		0EF8F4331E76E90A00959967 /* DeckClassPickerViewController.swift */ = {isa = PBXFileReference; fileEncoding = 4; lastKnownFileType = sourcecode.swift; path = DeckClassPickerViewController.swift; sourceTree = "<group>"; };
		0EF8F4351E76EAB000959967 /* HearhApiHelper.swift */ = {isa = PBXFileReference; fileEncoding = 4; lastKnownFileType = sourcecode.swift; path = HearhApiHelper.swift; sourceTree = "<group>"; };
		0EF8F4371E76EC5800959967 /* DeckBuilderViewController.swift */ = {isa = PBXFileReference; fileEncoding = 4; lastKnownFileType = sourcecode.swift; path = DeckBuilderViewController.swift; sourceTree = "<group>"; };
		12819E3D95C79CF7735060CF /* Pods-HearthApp.debug.xcconfig */ = {isa = PBXFileReference; includeInIndex = 1; lastKnownFileType = text.xcconfig; name = "Pods-HearthApp.debug.xcconfig"; path = "Pods/Target Support Files/Pods-HearthApp/Pods-HearthApp.debug.xcconfig"; sourceTree = "<group>"; };
		770112F0D010C75048FD106E /* Pods_HearthApp.framework */ = {isa = PBXFileReference; explicitFileType = wrapper.framework; includeInIndex = 0; path = Pods_HearthApp.framework; sourceTree = BUILT_PRODUCTS_DIR; };
		C3C1E23942010051546456BA /* Pods-HearthApp.release.xcconfig */ = {isa = PBXFileReference; includeInIndex = 1; lastKnownFileType = text.xcconfig; name = "Pods-HearthApp.release.xcconfig"; path = "Pods/Target Support Files/Pods-HearthApp/Pods-HearthApp.release.xcconfig"; sourceTree = "<group>"; };
/* End PBXFileReference section */

/* Begin PBXFrameworksBuildPhase section */
		0EA89BEA1E717BDF00D695D6 /* Frameworks */ = {
			isa = PBXFrameworksBuildPhase;
			buildActionMask = 2147483647;
			files = (
				394AAFC25387C4338C12004B /* Pods_HearthApp.framework in Frameworks */,
			);
			runOnlyForDeploymentPostprocessing = 0;
		};
/* End PBXFrameworksBuildPhase section */

/* Begin PBXGroup section */
		0EA89BE41E717BDF00D695D6 = {
			isa = PBXGroup;
			children = (
				0EA89BEF1E717BDF00D695D6 /* HearthApp */,
				0EA89BEE1E717BDF00D695D6 /* Products */,
				ED2DB40FC1B58EA558B4A23F /* Pods */,
				B915F454C20A3F228EDBA00E /* Frameworks */,
			);
			sourceTree = "<group>";
		};
		0EA89BEE1E717BDF00D695D6 /* Products */ = {
			isa = PBXGroup;
			children = (
				0EA89BED1E717BDF00D695D6 /* HearthApp.app */,
			);
			name = Products;
			sourceTree = "<group>";
		};
		0EA89BEF1E717BDF00D695D6 /* HearthApp */ = {
			isa = PBXGroup;
			children = (
				0EA89BF01E717BDF00D695D6 /* AppDelegate.swift */,
				0EA89BF41E717BDF00D695D6 /* Main.storyboard */,
				0EA89BF71E717BDF00D695D6 /* Assets.xcassets */,
				0EA89BF91E717BDF00D695D6 /* LaunchScreen.storyboard */,
				0EA89BFC1E717BDF00D695D6 /* Info.plist */,
				0EF8F4351E76EAB000959967 /* HearhApiHelper.swift */,
				0EA89C021E717DF200D695D6 /* StartViewController.swift */,
				0EA89C041E717E2100D695D6 /* CardCollectionViewController.swift */,
				0EF8F42C1E71A67C00959967 /* CardCollectionViewCell.swift */,
				0EF8F4331E76E90A00959967 /* DeckClassPickerViewController.swift */,
				0EF8F4371E76EC5800959967 /* DeckBuilderViewController.swift */,
				0EF8F41F1E7194AF00959967 /* Card.swift */,
				0EF8F4271E71997800959967 /* Enums */,
			);
			path = HearthApp;
			sourceTree = "<group>";
		};
		0EF8F4271E71997800959967 /* Enums */ = {
			isa = PBXGroup;
			children = (
				0EF8F4211E71961700959967 /* CardSet.swift */,
				0EF8F4251E71995900959967 /* CardType.swift */,
				0EF8F4281E7199C800959967 /* CardRarity.swift */,
				0EF8F42A1E719A4600959967 /* PlayerClass.swift */,
			);
			name = Enums;
			sourceTree = "<group>";
		};
		B915F454C20A3F228EDBA00E /* Frameworks */ = {
			isa = PBXGroup;
			children = (
				770112F0D010C75048FD106E /* Pods_HearthApp.framework */,
			);
			name = Frameworks;
			sourceTree = "<group>";
		};
		ED2DB40FC1B58EA558B4A23F /* Pods */ = {
			isa = PBXGroup;
			children = (
				12819E3D95C79CF7735060CF /* Pods-HearthApp.debug.xcconfig */,
				C3C1E23942010051546456BA /* Pods-HearthApp.release.xcconfig */,
			);
			name = Pods;
			sourceTree = "<group>";
		};
/* End PBXGroup section */

/* Begin PBXNativeTarget section */
		0EA89BEC1E717BDF00D695D6 /* HearthApp */ = {
			isa = PBXNativeTarget;
			buildConfigurationList = 0EA89BFF1E717BDF00D695D6 /* Build configuration list for PBXNativeTarget "HearthApp" */;
			buildPhases = (
				F55390ABBB7E3D7B2D76F984 /* [CP] Check Pods Manifest.lock */,
				0EA89BE91E717BDF00D695D6 /* Sources */,
				0EA89BEA1E717BDF00D695D6 /* Frameworks */,
				0EA89BEB1E717BDF00D695D6 /* Resources */,
				2FE0275668C459CC84AE3705 /* [CP] Embed Pods Frameworks */,
				C8CA2B5CCF27AA2BF9C5C039 /* [CP] Copy Pods Resources */,
			);
			buildRules = (
			);
			dependencies = (
			);
			name = HearthApp;
			productName = HearthApp;
			productReference = 0EA89BED1E717BDF00D695D6 /* HearthApp.app */;
			productType = "com.apple.product-type.application";
		};
/* End PBXNativeTarget section */

/* Begin PBXProject section */
		0EA89BE51E717BDF00D695D6 /* Project object */ = {
			isa = PBXProject;
			attributes = {
				LastSwiftUpdateCheck = 0820;
				LastUpgradeCheck = 0820;
				ORGANIZATIONNAME = "Christian Karlsson";
				TargetAttributes = {
					0EA89BEC1E717BDF00D695D6 = {
						CreatedOnToolsVersion = 8.2.1;
						DevelopmentTeam = LMDG7TV2EH;
						ProvisioningStyle = Automatic;
					};
				};
			};
			buildConfigurationList = 0EA89BE81E717BDF00D695D6 /* Build configuration list for PBXProject "HearthApp" */;
			compatibilityVersion = "Xcode 3.2";
			developmentRegion = English;
			hasScannedForEncodings = 0;
			knownRegions = (
				en,
				Base,
			);
			mainGroup = 0EA89BE41E717BDF00D695D6;
			productRefGroup = 0EA89BEE1E717BDF00D695D6 /* Products */;
			projectDirPath = "";
			projectRoot = "";
			targets = (
				0EA89BEC1E717BDF00D695D6 /* HearthApp */,
			);
		};
/* End PBXProject section */

/* Begin PBXResourcesBuildPhase section */
		0EA89BEB1E717BDF00D695D6 /* Resources */ = {
			isa = PBXResourcesBuildPhase;
			buildActionMask = 2147483647;
			files = (
				0EA89BFB1E717BDF00D695D6 /* LaunchScreen.storyboard in Resources */,
				0EA89BF81E717BDF00D695D6 /* Assets.xcassets in Resources */,
				0EA89BF61E717BDF00D695D6 /* Main.storyboard in Resources */,
			);
			runOnlyForDeploymentPostprocessing = 0;
		};
/* End PBXResourcesBuildPhase section */

/* Begin PBXShellScriptBuildPhase section */
		2FE0275668C459CC84AE3705 /* [CP] Embed Pods Frameworks */ = {
			isa = PBXShellScriptBuildPhase;
			buildActionMask = 2147483647;
			files = (
			);
			inputPaths = (
			);
			name = "[CP] Embed Pods Frameworks";
			outputPaths = (
			);
			runOnlyForDeploymentPostprocessing = 0;
			shellPath = /bin/sh;
			shellScript = "\"${SRCROOT}/Pods/Target Support Files/Pods-HearthApp/Pods-HearthApp-frameworks.sh\"\n";
			showEnvVarsInLog = 0;
		};
		C8CA2B5CCF27AA2BF9C5C039 /* [CP] Copy Pods Resources */ = {
			isa = PBXShellScriptBuildPhase;
			buildActionMask = 2147483647;
			files = (
			);
			inputPaths = (
			);
			name = "[CP] Copy Pods Resources";
			outputPaths = (
			);
			runOnlyForDeploymentPostprocessing = 0;
			shellPath = /bin/sh;
			shellScript = "\"${SRCROOT}/Pods/Target Support Files/Pods-HearthApp/Pods-HearthApp-resources.sh\"\n";
			showEnvVarsInLog = 0;
		};
		F55390ABBB7E3D7B2D76F984 /* [CP] Check Pods Manifest.lock */ = {
			isa = PBXShellScriptBuildPhase;
			buildActionMask = 2147483647;
			files = (
			);
			inputPaths = (
			);
			name = "[CP] Check Pods Manifest.lock";
			outputPaths = (
			);
			runOnlyForDeploymentPostprocessing = 0;
			shellPath = /bin/sh;
			shellScript = "diff \"${PODS_ROOT}/../Podfile.lock\" \"${PODS_ROOT}/Manifest.lock\" > /dev/null\nif [ $? != 0 ] ; then\n    # print error to STDERR\n    echo \"error: The sandbox is not in sync with the Podfile.lock. Run 'pod install' or update your CocoaPods installation.\" >&2\n    exit 1\nfi\n";
			showEnvVarsInLog = 0;
		};
/* End PBXShellScriptBuildPhase section */

/* Begin PBXSourcesBuildPhase section */
		0EA89BE91E717BDF00D695D6 /* Sources */ = {
			isa = PBXSourcesBuildPhase;
			buildActionMask = 2147483647;
			files = (
				0EF8F4341E76E90A00959967 /* DeckClassPickerViewController.swift in Sources */,
				0EF8F42B1E719A4600959967 /* PlayerClass.swift in Sources */,
				0EF8F4291E7199C800959967 /* CardRarity.swift in Sources */,
				0EA89C051E717E2100D695D6 /* CardCollectionViewController.swift in Sources */,
				0EF8F4201E7194AF00959967 /* Card.swift in Sources */,
				0EF8F4261E71995900959967 /* CardType.swift in Sources */,
				0EA89BF11E717BDF00D695D6 /* AppDelegate.swift in Sources */,
				0EF8F4381E76EC5800959967 /* DeckBuilderViewController.swift in Sources */,
				0EF8F4221E71961700959967 /* CardSet.swift in Sources */,
				0EF8F4361E76EAB000959967 /* HearhApiHelper.swift in Sources */,
				0EF8F42D1E71A67C00959967 /* CardCollectionViewCell.swift in Sources */,
				0EA89C031E717DF200D695D6 /* StartViewController.swift in Sources */,
			);
			runOnlyForDeploymentPostprocessing = 0;
		};
/* End PBXSourcesBuildPhase section */

/* Begin PBXVariantGroup section */
		0EA89BF41E717BDF00D695D6 /* Main.storyboard */ = {
			isa = PBXVariantGroup;
			children = (
				0EA89BF51E717BDF00D695D6 /* Base */,
			);
			name = Main.storyboard;
			sourceTree = "<group>";
		};
		0EA89BF91E717BDF00D695D6 /* LaunchScreen.storyboard */ = {
			isa = PBXVariantGroup;
			children = (
				0EA89BFA1E717BDF00D695D6 /* Base */,
			);
			name = LaunchScreen.storyboard;
			sourceTree = "<group>";
		};
/* End PBXVariantGroup section */

/* Begin XCBuildConfiguration section */
		0EA89BFD1E717BDF00D695D6 /* Debug */ = {
			isa = XCBuildConfiguration;
			buildSettings = {
				ALWAYS_SEARCH_USER_PATHS = NO;
				CLANG_ANALYZER_NONNULL = YES;
				CLANG_CXX_LANGUAGE_STANDARD = "gnu++0x";
				CLANG_CXX_LIBRARY = "libc++";
				CLANG_ENABLE_MODULES = YES;
				CLANG_ENABLE_OBJC_ARC = YES;
				CLANG_WARN_BOOL_CONVERSION = YES;
				CLANG_WARN_CONSTANT_CONVERSION = YES;
				CLANG_WARN_DIRECT_OBJC_ISA_USAGE = YES_ERROR;
				CLANG_WARN_DOCUMENTATION_COMMENTS = YES;
				CLANG_WARN_EMPTY_BODY = YES;
				CLANG_WARN_ENUM_CONVERSION = YES;
				CLANG_WARN_INFINITE_RECURSION = YES;
				CLANG_WARN_INT_CONVERSION = YES;
				CLANG_WARN_OBJC_ROOT_CLASS = YES_ERROR;
				CLANG_WARN_SUSPICIOUS_MOVE = YES;
				CLANG_WARN_UNREACHABLE_CODE = YES;
				CLANG_WARN__DUPLICATE_METHOD_MATCH = YES;
				"CODE_SIGN_IDENTITY[sdk=iphoneos*]" = "iPhone Developer";
				COPY_PHASE_STRIP = NO;
				DEBUG_INFORMATION_FORMAT = dwarf;
				ENABLE_STRICT_OBJC_MSGSEND = YES;
				ENABLE_TESTABILITY = YES;
				GCC_C_LANGUAGE_STANDARD = gnu99;
				GCC_DYNAMIC_NO_PIC = NO;
				GCC_NO_COMMON_BLOCKS = YES;
				GCC_OPTIMIZATION_LEVEL = 0;
				GCC_PREPROCESSOR_DEFINITIONS = (
					"DEBUG=1",
					"$(inherited)",
				);
				GCC_WARN_64_TO_32_BIT_CONVERSION = YES;
				GCC_WARN_ABOUT_RETURN_TYPE = YES_ERROR;
				GCC_WARN_UNDECLARED_SELECTOR = YES;
				GCC_WARN_UNINITIALIZED_AUTOS = YES_AGGRESSIVE;
				GCC_WARN_UNUSED_FUNCTION = YES;
				GCC_WARN_UNUSED_VARIABLE = YES;
				IPHONEOS_DEPLOYMENT_TARGET = 10.2;
				MTL_ENABLE_DEBUG_INFO = YES;
				ONLY_ACTIVE_ARCH = YES;
				SDKROOT = iphoneos;
				SWIFT_ACTIVE_COMPILATION_CONDITIONS = DEBUG;
				SWIFT_OPTIMIZATION_LEVEL = "-Onone";
				TARGETED_DEVICE_FAMILY = "1,2";
			};
			name = Debug;
		};
		0EA89BFE1E717BDF00D695D6 /* Release */ = {
			isa = XCBuildConfiguration;
			buildSettings = {
				ALWAYS_SEARCH_USER_PATHS = NO;
				CLANG_ANALYZER_NONNULL = YES;
				CLANG_CXX_LANGUAGE_STANDARD = "gnu++0x";
				CLANG_CXX_LIBRARY = "libc++";
				CLANG_ENABLE_MODULES = YES;
				CLANG_ENABLE_OBJC_ARC = YES;
				CLANG_WARN_BOOL_CONVERSION = YES;
				CLANG_WARN_CONSTANT_CONVERSION = YES;
				CLANG_WARN_DIRECT_OBJC_ISA_USAGE = YES_ERROR;
				CLANG_WARN_DOCUMENTATION_COMMENTS = YES;
				CLANG_WARN_EMPTY_BODY = YES;
				CLANG_WARN_ENUM_CONVERSION = YES;
				CLANG_WARN_INFINITE_RECURSION = YES;
				CLANG_WARN_INT_CONVERSION = YES;
				CLANG_WARN_OBJC_ROOT_CLASS = YES_ERROR;
				CLANG_WARN_SUSPICIOUS_MOVE = YES;
				CLANG_WARN_UNREACHABLE_CODE = YES;
				CLANG_WARN__DUPLICATE_METHOD_MATCH = YES;
				"CODE_SIGN_IDENTITY[sdk=iphoneos*]" = "iPhone Developer";
				COPY_PHASE_STRIP = NO;
				DEBUG_INFORMATION_FORMAT = "dwarf-with-dsym";
				ENABLE_NS_ASSERTIONS = NO;
				ENABLE_STRICT_OBJC_MSGSEND = YES;
				GCC_C_LANGUAGE_STANDARD = gnu99;
				GCC_NO_COMMON_BLOCKS = YES;
				GCC_WARN_64_TO_32_BIT_CONVERSION = YES;
				GCC_WARN_ABOUT_RETURN_TYPE = YES_ERROR;
				GCC_WARN_UNDECLARED_SELECTOR = YES;
				GCC_WARN_UNINITIALIZED_AUTOS = YES_AGGRESSIVE;
				GCC_WARN_UNUSED_FUNCTION = YES;
				GCC_WARN_UNUSED_VARIABLE = YES;
				IPHONEOS_DEPLOYMENT_TARGET = 10.2;
				MTL_ENABLE_DEBUG_INFO = NO;
				SDKROOT = iphoneos;
				SWIFT_OPTIMIZATION_LEVEL = "-Owholemodule";
				TARGETED_DEVICE_FAMILY = "1,2";
				VALIDATE_PRODUCT = YES;
			};
			name = Release;
		};
		0EA89C001E717BDF00D695D6 /* Debug */ = {
			isa = XCBuildConfiguration;
			baseConfigurationReference = 12819E3D95C79CF7735060CF /* Pods-HearthApp.debug.xcconfig */;
			buildSettings = {
				ASSETCATALOG_COMPILER_APPICON_NAME = AppIcon;
				DEVELOPMENT_TEAM = LMDG7TV2EH;
				INFOPLIST_FILE = HearthApp/Info.plist;
				LD_RUNPATH_SEARCH_PATHS = "$(inherited) @executable_path/Frameworks";
				PRODUCT_BUNDLE_IDENTIFIER = CDEV.HearthApp;
				PRODUCT_NAME = "$(TARGET_NAME)";
				SWIFT_VERSION = 3.0;
			};
			name = Debug;
		};
		0EA89C011E717BDF00D695D6 /* Release */ = {
			isa = XCBuildConfiguration;
			baseConfigurationReference = C3C1E23942010051546456BA /* Pods-HearthApp.release.xcconfig */;
			buildSettings = {
				ASSETCATALOG_COMPILER_APPICON_NAME = AppIcon;
				DEVELOPMENT_TEAM = LMDG7TV2EH;
				INFOPLIST_FILE = HearthApp/Info.plist;
				LD_RUNPATH_SEARCH_PATHS = "$(inherited) @executable_path/Frameworks";
				PRODUCT_BUNDLE_IDENTIFIER = CDEV.HearthApp;
				PRODUCT_NAME = "$(TARGET_NAME)";
				SWIFT_VERSION = 3.0;
			};
			name = Release;
		};
/* End XCBuildConfiguration section */

/* Begin XCConfigurationList section */
		0EA89BE81E717BDF00D695D6 /* Build configuration list for PBXProject "HearthApp" */ = {
			isa = XCConfigurationList;
			buildConfigurations = (
				0EA89BFD1E717BDF00D695D6 /* Debug */,
				0EA89BFE1E717BDF00D695D6 /* Release */,
			);
			defaultConfigurationIsVisible = 0;
			defaultConfigurationName = Release;
		};
		0EA89BFF1E717BDF00D695D6 /* Build configuration list for PBXNativeTarget "HearthApp" */ = {
			isa = XCConfigurationList;
			buildConfigurations = (
				0EA89C001E717BDF00D695D6 /* Debug */,
				0EA89C011E717BDF00D695D6 /* Release */,
			);
			defaultConfigurationIsVisible = 0;
			defaultConfigurationName = Release;
		};
/* End XCConfigurationList section */
	};
	rootObject = 0EA89BE51E717BDF00D695D6 /* Project object */;
}
